
Microsoft Visual Studio Solution File, Format Version 12.00
# Visual Studio Version 17
VisualStudioVersion = 17.3.32819.101
MinimumVisualStudioVersion = 10.0.40219.1
Project("{FAE04EC0-301F-11D3-BF4B-00C04F79EFBC}") = "Slutprojekt", "Slutprojekt\Slutprojekt.csproj", "{2BBD929A-1524-4D1A-B23F-298385A96794}"
EndProject
Global
	GlobalSection(SolutionConfigurationPlatforms) = preSolution
		Debug|Any CPU = Debug|Any CPU
		Release|Any CPU = Release|Any CPU
	EndGlobalSection
	GlobalSection(ProjectConfigurationPlatforms) = postSolution
		{2BBD929A-1524-4D1A-B23F-298385A96794}.Debug|Any CPU.ActiveCfg = Debug|Any CPU
		{2BBD929A-1524-4D1A-B23F-298385A96794}.Debug|Any CPU.Build.0 = Debug|Any CPU
		{2BBD929A-1524-4D1A-B23F-298385A96794}.Release|Any CPU.ActiveCfg = Release|Any CPU
		{2BBD929A-1524-4D1A-B23F-298385A96794}.Release|Any CPU.Build.0 = Release|Any CPU
	EndGlobalSection
	GlobalSection(SolutionProperties) = preSolution
		HideSolutionNode = FALSE
	EndGlobalSection
	GlobalSection(ExtensibilityGlobals) = postSolution
		SolutionGuid = {405F76A8-2272-441D-BC3A-DB70851ECF8D}
	EndGlobalSection
EndGlobal
